
Microsoft Visual Studio Solution File, Format Version 12.00
# Visual Studio 14
VisualStudioVersion = 14.0.25123.0
MinimumVisualStudioVersion = 10.0.40219.1
Project("{FAE04EC0-301F-11D3-BF4B-00C04F79EFBC}") = "CustomersApp", "CustomersApp\CustomersApp.csproj", "{DD046BA4-5A04-4EAE-8159-EAE32EC5209F}"
EndProject
Project("{FAE04EC0-301F-11D3-BF4B-00C04F79EFBC}") = "UnitTestProject1", "UnitTestProject1\UnitTestProject1.csproj", "{34655D5C-AD63-4E46-9401-0EC6E23F5D33}"
EndProject
Global
	GlobalSection(SolutionConfigurationPlatforms) = preSolution
		Debug|Any CPU = Debug|Any CPU
		Release|Any CPU = Release|Any CPU
	EndGlobalSection
	GlobalSection(ProjectConfigurationPlatforms) = postSolution
		{DD046BA4-5A04-4EAE-8159-EAE32EC5209F}.Debug|Any CPU.ActiveCfg = Debug|Any CPU
		{DD046BA4-5A04-4EAE-8159-EAE32EC5209F}.Debug|Any CPU.Build.0 = Debug|Any CPU
		{DD046BA4-5A04-4EAE-8159-EAE32EC5209F}.Release|Any CPU.ActiveCfg = Release|Any CPU
		{DD046BA4-5A04-4EAE-8159-EAE32EC5209F}.Release|Any CPU.Build.0 = Release|Any CPU
		{34655D5C-AD63-4E46-9401-0EC6E23F5D33}.Debug|Any CPU.ActiveCfg = Debug|Any CPU
		{34655D5C-AD63-4E46-9401-0EC6E23F5D33}.Debug|Any CPU.Build.0 = Debug|Any CPU
		{34655D5C-AD63-4E46-9401-0EC6E23F5D33}.Release|Any CPU.ActiveCfg = Release|Any CPU
		{34655D5C-AD63-4E46-9401-0EC6E23F5D33}.Release|Any CPU.Build.0 = Release|Any CPU
	EndGlobalSection
	GlobalSection(SolutionProperties) = preSolution
		HideSolutionNode = FALSE
	EndGlobalSection
EndGlobal
