
Microsoft Visual Studio Solution File, Format Version 12.00
# Visual Studio 14
VisualStudioVersion = 14.0.25123.0
MinimumVisualStudioVersion = 10.0.40219.1
Project("{FAE04EC0-301F-11D3-BF4B-00C04F79EFBC}") = "DynamicXml", "DynamicXml\DynamicXml.csproj", "{B103A8C7-3B9B-4F28-8A4A-ACDD3A5821FC}"
EndProject
Global
	GlobalSection(SolutionConfigurationPlatforms) = preSolution
		Debug|Any CPU = Debug|Any CPU
		Release|Any CPU = Release|Any CPU
	EndGlobalSection
	GlobalSection(ProjectConfigurationPlatforms) = postSolution
		{B103A8C7-3B9B-4F28-8A4A-ACDD3A5821FC}.Debug|Any CPU.ActiveCfg = Debug|Any CPU
		{B103A8C7-3B9B-4F28-8A4A-ACDD3A5821FC}.Debug|Any CPU.Build.0 = Debug|Any CPU
		{B103A8C7-3B9B-4F28-8A4A-ACDD3A5821FC}.Release|Any CPU.ActiveCfg = Release|Any CPU
		{B103A8C7-3B9B-4F28-8A4A-ACDD3A5821FC}.Release|Any CPU.Build.0 = Release|Any CPU
	EndGlobalSection
	GlobalSection(SolutionProperties) = preSolution
		HideSolutionNode = FALSE
	EndGlobalSection
EndGlobal
