
Microsoft Visual Studio Solution File, Format Version 12.00
# Visual Studio 14
VisualStudioVersion = 14.0.25123.0
MinimumVisualStudioVersion = 10.0.40219.1
Project("{FAE04EC0-301F-11D3-BF4B-00C04F79EFBC}") = "Calculator", "Calculator\Calculator.csproj", "{5C088268-8804-4B1F-AC55-6CF41BC7F0EA}"
EndProject
Project("{FAE04EC0-301F-11D3-BF4B-00C04F79EFBC}") = "UnitTestProject1", "UnitTestProject1\UnitTestProject1.csproj", "{CD0EC493-20B1-4D1D-9DF5-4D570D17908D}"
EndProject
Global
	GlobalSection(SolutionConfigurationPlatforms) = preSolution
		Debug|Any CPU = Debug|Any CPU
		Release|Any CPU = Release|Any CPU
	EndGlobalSection
	GlobalSection(ProjectConfigurationPlatforms) = postSolution
		{5C088268-8804-4B1F-AC55-6CF41BC7F0EA}.Debug|Any CPU.ActiveCfg = Debug|Any CPU
		{5C088268-8804-4B1F-AC55-6CF41BC7F0EA}.Debug|Any CPU.Build.0 = Debug|Any CPU
		{5C088268-8804-4B1F-AC55-6CF41BC7F0EA}.Release|Any CPU.ActiveCfg = Release|Any CPU
		{5C088268-8804-4B1F-AC55-6CF41BC7F0EA}.Release|Any CPU.Build.0 = Release|Any CPU
		{CD0EC493-20B1-4D1D-9DF5-4D570D17908D}.Debug|Any CPU.ActiveCfg = Debug|Any CPU
		{CD0EC493-20B1-4D1D-9DF5-4D570D17908D}.Debug|Any CPU.Build.0 = Debug|Any CPU
		{CD0EC493-20B1-4D1D-9DF5-4D570D17908D}.Release|Any CPU.ActiveCfg = Release|Any CPU
		{CD0EC493-20B1-4D1D-9DF5-4D570D17908D}.Release|Any CPU.Build.0 = Release|Any CPU
	EndGlobalSection
	GlobalSection(SolutionProperties) = preSolution
		HideSolutionNode = FALSE
	EndGlobalSection
EndGlobal
