
Microsoft Visual Studio Solution File, Format Version 12.00
# Visual Studio 14
VisualStudioVersion = 14.0.25123.0
MinimumVisualStudioVersion = 10.0.40219.1
Project("{FAE04EC0-301F-11D3-BF4B-00C04F79EFBC}") = "AccountsLib", "AccountsLib\AccountsLib.csproj", "{BD9041FA-4C14-4ABB-B6C7-00CE36DB198B}"
EndProject
Project("{FAE04EC0-301F-11D3-BF4B-00C04F79EFBC}") = "ConsoleProgram", "ConsoleProgram\ConsoleProgram.csproj", "{6FA87D1E-9D09-458A-9146-B6CCE23FA62D}"
EndProject
Global
	GlobalSection(SolutionConfigurationPlatforms) = preSolution
		Debug|Any CPU = Debug|Any CPU
		Release|Any CPU = Release|Any CPU
	EndGlobalSection
	GlobalSection(ProjectConfigurationPlatforms) = postSolution
		{BD9041FA-4C14-4ABB-B6C7-00CE36DB198B}.Debug|Any CPU.ActiveCfg = Debug|Any CPU
		{BD9041FA-4C14-4ABB-B6C7-00CE36DB198B}.Debug|Any CPU.Build.0 = Debug|Any CPU
		{BD9041FA-4C14-4ABB-B6C7-00CE36DB198B}.Release|Any CPU.ActiveCfg = Release|Any CPU
		{BD9041FA-4C14-4ABB-B6C7-00CE36DB198B}.Release|Any CPU.Build.0 = Release|Any CPU
		{6FA87D1E-9D09-458A-9146-B6CCE23FA62D}.Debug|Any CPU.ActiveCfg = Debug|Any CPU
		{6FA87D1E-9D09-458A-9146-B6CCE23FA62D}.Debug|Any CPU.Build.0 = Debug|Any CPU
		{6FA87D1E-9D09-458A-9146-B6CCE23FA62D}.Release|Any CPU.ActiveCfg = Release|Any CPU
		{6FA87D1E-9D09-458A-9146-B6CCE23FA62D}.Release|Any CPU.Build.0 = Release|Any CPU
	EndGlobalSection
	GlobalSection(SolutionProperties) = preSolution
		HideSolutionNode = FALSE
	EndGlobalSection
EndGlobal
