
Microsoft Visual Studio Solution File, Format Version 12.00
# Visual Studio 14
VisualStudioVersion = 14.0.25123.0
MinimumVisualStudioVersion = 10.0.40219.1
Project("{FAE04EC0-301F-11D3-BF4B-00C04F79EFBC}") = "AttribDemo", "AttribDemo\AttribDemo.csproj", "{13A56300-E566-4E28-9E65-F2B9405CE57F}"
EndProject
Global
	GlobalSection(SolutionConfigurationPlatforms) = preSolution
		Debug|Any CPU = Debug|Any CPU
		Release|Any CPU = Release|Any CPU
	EndGlobalSection
	GlobalSection(ProjectConfigurationPlatforms) = postSolution
		{13A56300-E566-4E28-9E65-F2B9405CE57F}.Debug|Any CPU.ActiveCfg = Debug|Any CPU
		{13A56300-E566-4E28-9E65-F2B9405CE57F}.Debug|Any CPU.Build.0 = Debug|Any CPU
		{13A56300-E566-4E28-9E65-F2B9405CE57F}.Release|Any CPU.ActiveCfg = Release|Any CPU
		{13A56300-E566-4E28-9E65-F2B9405CE57F}.Release|Any CPU.Build.0 = Release|Any CPU
	EndGlobalSection
	GlobalSection(SolutionProperties) = preSolution
		HideSolutionNode = FALSE
	EndGlobalSection
EndGlobal
